
Microsoft Visual Studio Solution File, Format Version 11.00
# Visual Studio 2010
Project("{FAE04EC0-301F-11D3-BF4B-00C04F79EFBC}") = "UnityEngine.UI", "UnityEngine.UI.csproj", "{8d61ec9d-dbdb-a4db-2bce-040423097fed}"
EndProject
Project("{FAE04EC0-301F-11D3-BF4B-00C04F79EFBC}") = "Unity.RenderPipelines.Core.Runtime", "Unity.RenderPipelines.Core.Runtime.csproj", "{e1c3b7eb-a66a-5071-4099-fa7967d9803b}"
EndProject
Project("{FAE04EC0-301F-11D3-BF4B-00C04F79EFBC}") = "UnityEngine.TestRunner", "UnityEngine.TestRunner.csproj", "{6550c7c7-5d2d-0577-e00f-70ebedff2c18}"
EndProject
Project("{FAE04EC0-301F-11D3-BF4B-00C04F79EFBC}") = "Unity.Mathematics", "Unity.Mathematics.csproj", "{1414509f-01be-6520-c0b8-05881d9bd13a}"
EndProject
Project("{FAE04EC0-301F-11D3-BF4B-00C04F79EFBC}") = "Unity.InputSystem", "Unity.InputSystem.csproj", "{ffe12fc1-a440-0d59-812a-5530b02ee323}"
EndProject
Project("{FAE04EC0-301F-11D3-BF4B-00C04F79EFBC}") = "Unity.RenderPipelines.Universal.Runtime", "Unity.RenderPipelines.Universal.Runtime.csproj", "{2a0fe6e4-5c8f-b824-c733-6bb9b07e817b}"
EndProject
Project("{FAE04EC0-301F-11D3-BF4B-00C04F79EFBC}") = "Unity.Burst", "Unity.Burst.csproj", "{dbe6286e-0691-f2b8-51d7-86c33fa5798e}"
EndProject
Project("{FAE04EC0-301F-11D3-BF4B-00C04F79EFBC}") = "Unity.TextMeshPro", "Unity.TextMeshPro.csproj", "{8353890a-6e81-c9de-d5f3-89f7cc94d778}"
EndProject
Project("{FAE04EC0-301F-11D3-BF4B-00C04F79EFBC}") = "Unity.ProBuilder.Poly2Tri", "Unity.ProBuilder.Poly2Tri.csproj", "{4fe0c596-27c4-b161-a147-a054b1bdcb25}"
EndProject
Project("{FAE04EC0-301F-11D3-BF4B-00C04F79EFBC}") = "Cinemachine", "Cinemachine.csproj", "{e1ce4d7e-99e1-3b21-f53e-4daf4b877f29}"
EndProject
Project("{FAE04EC0-301F-11D3-BF4B-00C04F79EFBC}") = "Unity.RenderPipeline.Universal.ShaderLibrary", "Unity.RenderPipeline.Universal.ShaderLibrary.csproj", "{8ffc9e89-3b11-dd65-4021-86367d6f8b2c}"
EndProject
Project("{FAE04EC0-301F-11D3-BF4B-00C04F79EFBC}") = "Unity.ProBuilder", "Unity.ProBuilder.csproj", "{95a347db-c7d2-9b3f-e97b-be14324fa48c}"
EndProject
Project("{FAE04EC0-301F-11D3-BF4B-00C04F79EFBC}") = "Unity.ProBuilder.Csg", "Unity.ProBuilder.Csg.csproj", "{a9570024-ee1e-dc2c-39b4-73ac5332ea7e}"
EndProject
Project("{FAE04EC0-301F-11D3-BF4B-00C04F79EFBC}") = "Unity.InputSystem.TestFramework", "Unity.InputSystem.TestFramework.csproj", "{d774ebdc-a579-001b-5ec6-dfbdfe6d124d}"
EndProject
Project("{FAE04EC0-301F-11D3-BF4B-00C04F79EFBC}") = "Unity.ProBuilder.KdTree", "Unity.ProBuilder.KdTree.csproj", "{a76868e7-473b-a4a4-47e3-d76648704807}"
EndProject
Project("{FAE04EC0-301F-11D3-BF4B-00C04F79EFBC}") = "Unity.RenderPipelines.Core.ShaderLibrary", "Unity.RenderPipelines.Core.ShaderLibrary.csproj", "{017d9859-5728-080d-1614-d29dbafff538}"
EndProject
Project("{FAE04EC0-301F-11D3-BF4B-00C04F79EFBC}") = "Unity.ProBuilder.Stl", "Unity.ProBuilder.Stl.csproj", "{8a8c1721-98a3-4a7e-34c2-f1b009d99b34}"
EndProject
Project("{FAE04EC0-301F-11D3-BF4B-00C04F79EFBC}") = "Unity.RenderPipelines.Universal.Shaders", "Unity.RenderPipelines.Universal.Shaders.csproj", "{10b6fffb-95c9-c8e3-87ab-ab927b67ff73}"
EndProject
Project("{FAE04EC0-301F-11D3-BF4B-00C04F79EFBC}") = "Unity.RenderPipelines.ShaderGraph.ShaderGraphLibrary", "Unity.RenderPipelines.ShaderGraph.ShaderGraphLibrary.csproj", "{42c594a6-6b4b-688d-500d-d1e91aaaafe2}"
EndProject
Project("{FAE04EC0-301F-11D3-BF4B-00C04F79EFBC}") = "SimpleWebTransport", "SimpleWebTransport.csproj", "{9a4c3a67-56ec-7fd1-1abd-7fc266133176}"
EndProject
Project("{FAE04EC0-301F-11D3-BF4B-00C04F79EFBC}") = "Mirror", "Mirror.csproj", "{3973ae81-3417-d801-02d2-0fce80f2df20}"
EndProject
Project("{FAE04EC0-301F-11D3-BF4B-00C04F79EFBC}") = "Mirror.Examples", "Mirror.Examples.csproj", "{2a797ad9-2c45-7d01-0a7d-2d1c2cad8ed2}"
EndProject
Project("{FAE04EC0-301F-11D3-BF4B-00C04F79EFBC}") = "Mirror.Components", "Mirror.Components.csproj", "{6f3ebebc-f103-7562-2c29-122ebbaa790c}"
EndProject
Project("{FAE04EC0-301F-11D3-BF4B-00C04F79EFBC}") = "Mirror.Transports", "Mirror.Transports.csproj", "{73d3b9e0-6336-f886-e5e1-91dbf02e950a}"
EndProject
Project("{FAE04EC0-301F-11D3-BF4B-00C04F79EFBC}") = "kcp2k", "kcp2k.csproj", "{7706245f-c4ca-3c3a-0aec-5a941fa1e6b6}"
EndProject
Project("{FAE04EC0-301F-11D3-BF4B-00C04F79EFBC}") = "Telepathy", "Telepathy.csproj", "{25b5b00c-de71-ba6c-6f80-9ebf92166224}"
EndProject
Project("{FAE04EC0-301F-11D3-BF4B-00C04F79EFBC}") = "Mirror.Authenticators", "Mirror.Authenticators.csproj", "{8f08c81f-14b7-5768-f956-7fe1ba8cd4f8}"
EndProject
Project("{FAE04EC0-301F-11D3-BF4B-00C04F79EFBC}") = "Assembly-CSharp", "Assembly-CSharp.csproj", "{8ca18058-35c0-bf35-da09-eb88cb6ada03}"
EndProject
Project("{FAE04EC0-301F-11D3-BF4B-00C04F79EFBC}") = "Unity.PlasticSCM.Editor", "Unity.PlasticSCM.Editor.csproj", "{09bf39b3-a72a-c6f3-bda2-a195c173dd45}"
EndProject
Project("{FAE04EC0-301F-11D3-BF4B-00C04F79EFBC}") = "Unity.ShaderGraph.Editor", "Unity.ShaderGraph.Editor.csproj", "{27252232-6a70-2782-8956-3b60696258b9}"
EndProject
Project("{FAE04EC0-301F-11D3-BF4B-00C04F79EFBC}") = "Unity.ProBuilder.Editor", "Unity.ProBuilder.Editor.csproj", "{e13346a8-fdc1-7d51-992a-3ae514e8f231}"
EndProject
Project("{FAE04EC0-301F-11D3-BF4B-00C04F79EFBC}") = "Unity.RenderPipelines.Universal.Editor", "Unity.RenderPipelines.Universal.Editor.csproj", "{73aee676-a305-6a61-e2fb-8bb3228827b7}"
EndProject
Project("{FAE04EC0-301F-11D3-BF4B-00C04F79EFBC}") = "com.unity.cinemachine.editor", "com.unity.cinemachine.editor.csproj", "{1aff4842-b0d6-c5a0-cc17-6eb6b8c42e3b}"
EndProject
Project("{FAE04EC0-301F-11D3-BF4B-00C04F79EFBC}") = "Unity.TextMeshPro.Editor", "Unity.TextMeshPro.Editor.csproj", "{4c56b9ae-c8d9-f593-2645-b4648a06a6ce}"
EndProject
Project("{FAE04EC0-301F-11D3-BF4B-00C04F79EFBC}") = "Unity.RenderPipelines.Core.Editor", "Unity.RenderPipelines.Core.Editor.csproj", "{73f71932-0890-c0af-56f4-4ffc9400ba58}"
EndProject
Project("{FAE04EC0-301F-11D3-BF4B-00C04F79EFBC}") = "UnityEditor.TestRunner", "UnityEditor.TestRunner.csproj", "{75fa1ace-3e97-f68e-cf88-a0df9eebc703}"
EndProject
Project("{FAE04EC0-301F-11D3-BF4B-00C04F79EFBC}") = "Unity.Searcher.Editor", "Unity.Searcher.Editor.csproj", "{37e5b327-caf5-56de-2e21-943aa3db1c41}"
EndProject
Project("{FAE04EC0-301F-11D3-BF4B-00C04F79EFBC}") = "Unity.Burst.CodeGen", "Unity.Burst.CodeGen.csproj", "{570a344f-7c00-790e-d036-c46ce773f9a8}"
EndProject
Project("{FAE04EC0-301F-11D3-BF4B-00C04F79EFBC}") = "Unity.VSCode.Editor", "Unity.VSCode.Editor.csproj", "{411db52f-43a9-bdf0-440f-725de3350b48}"
EndProject
Project("{FAE04EC0-301F-11D3-BF4B-00C04F79EFBC}") = "Unity.ProBuilder.AssetIdRemapUtility", "Unity.ProBuilder.AssetIdRemapUtility.csproj", "{e127f500-8eb3-4ff5-1aaf-2b212b8a850e}"
EndProject
Project("{FAE04EC0-301F-11D3-BF4B-00C04F79EFBC}") = "UnityEditor.UI", "UnityEditor.UI.csproj", "{8e2142d0-84a4-f869-9646-58f479433ea8}"
EndProject
Project("{FAE04EC0-301F-11D3-BF4B-00C04F79EFBC}") = "Unity.Settings.Editor", "Unity.Settings.Editor.csproj", "{a8800e13-ca37-b6c3-1e27-a8cd060ac508}"
EndProject
Project("{FAE04EC0-301F-11D3-BF4B-00C04F79EFBC}") = "PPv2URPConverters", "PPv2URPConverters.csproj", "{981cafe7-389e-75be-4d54-f311a71e0d63}"
EndProject
Project("{FAE04EC0-301F-11D3-BF4B-00C04F79EFBC}") = "Unity.CollabProxy.Editor", "Unity.CollabProxy.Editor.csproj", "{259d52c2-abc6-2de2-ba46-edd2863223e8}"
EndProject
Project("{FAE04EC0-301F-11D3-BF4B-00C04F79EFBC}") = "Unity.Mathematics.Editor", "Unity.Mathematics.Editor.csproj", "{604680ec-ea00-14e7-6814-c96e2ac2df45}"
EndProject
Project("{FAE04EC0-301F-11D3-BF4B-00C04F79EFBC}") = "Unity.Burst.Editor", "Unity.Burst.Editor.csproj", "{8a2093de-62da-2d12-52a0-c6f95dafb20f}"
EndProject
Project("{FAE04EC0-301F-11D3-BF4B-00C04F79EFBC}") = "Unity.ShaderGraph.Utilities", "Unity.ShaderGraph.Utilities.csproj", "{65a871d9-f8a3-d2e4-c5aa-c1db2bfc1817}"
EndProject
Project("{FAE04EC0-301F-11D3-BF4B-00C04F79EFBC}") = "Unity.ProBuilder.AddOns.Editor", "Unity.ProBuilder.AddOns.Editor.csproj", "{fce5ec83-f2ff-0c50-825b-6171aa43dd3a}"
EndProject
Project("{FAE04EC0-301F-11D3-BF4B-00C04F79EFBC}") = "Mirror.Editor", "Mirror.Editor.csproj", "{bc6f4a77-f0e8-3210-acb1-121b78ecf331}"
EndProject
Project("{FAE04EC0-301F-11D3-BF4B-00C04F79EFBC}") = "Unity.Mirror.CodeGen", "Unity.Mirror.CodeGen.csproj", "{baeb7cd2-a082-86eb-1966-8a12b193fb42}"
EndProject
Project("{FAE04EC0-301F-11D3-BF4B-00C04F79EFBC}") = "Mirror.CompilerSymbols", "Mirror.CompilerSymbols.csproj", "{440f588a-b43f-a71a-6fdf-b4485daffa61}"
EndProject
Project("{FAE04EC0-301F-11D3-BF4B-00C04F79EFBC}") = "Unity.2D.Sprite.Editor", "Unity.2D.Sprite.Editor.csproj", "{019d7b90-a793-fa53-106a-3fd732ab2f6f}"
EndProject
Global
	GlobalSection(SolutionConfigurationPlatforms) = preSolution
		Debug|Any CPU = Debug|Any CPU
	EndGlobalSection
	GlobalSection(ProjectConfigurationPlatforms) = postSolution
		{8d61ec9d-dbdb-a4db-2bce-040423097fed}.Debug|Any CPU.ActiveCfg = Debug|Any CPU
		{8d61ec9d-dbdb-a4db-2bce-040423097fed}.Debug|Any CPU.Build.0 = Debug|Any CPU
		{e1c3b7eb-a66a-5071-4099-fa7967d9803b}.Debug|Any CPU.ActiveCfg = Debug|Any CPU
		{e1c3b7eb-a66a-5071-4099-fa7967d9803b}.Debug|Any CPU.Build.0 = Debug|Any CPU
		{6550c7c7-5d2d-0577-e00f-70ebedff2c18}.Debug|Any CPU.ActiveCfg = Debug|Any CPU
		{6550c7c7-5d2d-0577-e00f-70ebedff2c18}.Debug|Any CPU.Build.0 = Debug|Any CPU
		{1414509f-01be-6520-c0b8-05881d9bd13a}.Debug|Any CPU.ActiveCfg = Debug|Any CPU
		{1414509f-01be-6520-c0b8-05881d9bd13a}.Debug|Any CPU.Build.0 = Debug|Any CPU
		{ffe12fc1-a440-0d59-812a-5530b02ee323}.Debug|Any CPU.ActiveCfg = Debug|Any CPU
		{ffe12fc1-a440-0d59-812a-5530b02ee323}.Debug|Any CPU.Build.0 = Debug|Any CPU
		{2a0fe6e4-5c8f-b824-c733-6bb9b07e817b}.Debug|Any CPU.ActiveCfg = Debug|Any CPU
		{2a0fe6e4-5c8f-b824-c733-6bb9b07e817b}.Debug|Any CPU.Build.0 = Debug|Any CPU
		{dbe6286e-0691-f2b8-51d7-86c33fa5798e}.Debug|Any CPU.ActiveCfg = Debug|Any CPU
		{dbe6286e-0691-f2b8-51d7-86c33fa5798e}.Debug|Any CPU.Build.0 = Debug|Any CPU
		{8353890a-6e81-c9de-d5f3-89f7cc94d778}.Debug|Any CPU.ActiveCfg = Debug|Any CPU
		{8353890a-6e81-c9de-d5f3-89f7cc94d778}.Debug|Any CPU.Build.0 = Debug|Any CPU
		{4fe0c596-27c4-b161-a147-a054b1bdcb25}.Debug|Any CPU.ActiveCfg = Debug|Any CPU
		{4fe0c596-27c4-b161-a147-a054b1bdcb25}.Debug|Any CPU.Build.0 = Debug|Any CPU
		{e1ce4d7e-99e1-3b21-f53e-4daf4b877f29}.Debug|Any CPU.ActiveCfg = Debug|Any CPU
		{e1ce4d7e-99e1-3b21-f53e-4daf4b877f29}.Debug|Any CPU.Build.0 = Debug|Any CPU
		{8ffc9e89-3b11-dd65-4021-86367d6f8b2c}.Debug|Any CPU.ActiveCfg = Debug|Any CPU
		{8ffc9e89-3b11-dd65-4021-86367d6f8b2c}.Debug|Any CPU.Build.0 = Debug|Any CPU
		{95a347db-c7d2-9b3f-e97b-be14324fa48c}.Debug|Any CPU.ActiveCfg = Debug|Any CPU
		{95a347db-c7d2-9b3f-e97b-be14324fa48c}.Debug|Any CPU.Build.0 = Debug|Any CPU
		{a9570024-ee1e-dc2c-39b4-73ac5332ea7e}.Debug|Any CPU.ActiveCfg = Debug|Any CPU
		{a9570024-ee1e-dc2c-39b4-73ac5332ea7e}.Debug|Any CPU.Build.0 = Debug|Any CPU
		{d774ebdc-a579-001b-5ec6-dfbdfe6d124d}.Debug|Any CPU.ActiveCfg = Debug|Any CPU
		{d774ebdc-a579-001b-5ec6-dfbdfe6d124d}.Debug|Any CPU.Build.0 = Debug|Any CPU
		{a76868e7-473b-a4a4-47e3-d76648704807}.Debug|Any CPU.ActiveCfg = Debug|Any CPU
		{a76868e7-473b-a4a4-47e3-d76648704807}.Debug|Any CPU.Build.0 = Debug|Any CPU
		{017d9859-5728-080d-1614-d29dbafff538}.Debug|Any CPU.ActiveCfg = Debug|Any CPU
		{017d9859-5728-080d-1614-d29dbafff538}.Debug|Any CPU.Build.0 = Debug|Any CPU
		{8a8c1721-98a3-4a7e-34c2-f1b009d99b34}.Debug|Any CPU.ActiveCfg = Debug|Any CPU
		{8a8c1721-98a3-4a7e-34c2-f1b009d99b34}.Debug|Any CPU.Build.0 = Debug|Any CPU
		{10b6fffb-95c9-c8e3-87ab-ab927b67ff73}.Debug|Any CPU.ActiveCfg = Debug|Any CPU
		{10b6fffb-95c9-c8e3-87ab-ab927b67ff73}.Debug|Any CPU.Build.0 = Debug|Any CPU
		{42c594a6-6b4b-688d-500d-d1e91aaaafe2}.Debug|Any CPU.ActiveCfg = Debug|Any CPU
		{42c594a6-6b4b-688d-500d-d1e91aaaafe2}.Debug|Any CPU.Build.0 = Debug|Any CPU
		{9a4c3a67-56ec-7fd1-1abd-7fc266133176}.Debug|Any CPU.ActiveCfg = Debug|Any CPU
		{9a4c3a67-56ec-7fd1-1abd-7fc266133176}.Debug|Any CPU.Build.0 = Debug|Any CPU
		{3973ae81-3417-d801-02d2-0fce80f2df20}.Debug|Any CPU.ActiveCfg = Debug|Any CPU
		{3973ae81-3417-d801-02d2-0fce80f2df20}.Debug|Any CPU.Build.0 = Debug|Any CPU
		{2a797ad9-2c45-7d01-0a7d-2d1c2cad8ed2}.Debug|Any CPU.ActiveCfg = Debug|Any CPU
		{2a797ad9-2c45-7d01-0a7d-2d1c2cad8ed2}.Debug|Any CPU.Build.0 = Debug|Any CPU
		{6f3ebebc-f103-7562-2c29-122ebbaa790c}.Debug|Any CPU.ActiveCfg = Debug|Any CPU
		{6f3ebebc-f103-7562-2c29-122ebbaa790c}.Debug|Any CPU.Build.0 = Debug|Any CPU
		{73d3b9e0-6336-f886-e5e1-91dbf02e950a}.Debug|Any CPU.ActiveCfg = Debug|Any CPU
		{73d3b9e0-6336-f886-e5e1-91dbf02e950a}.Debug|Any CPU.Build.0 = Debug|Any CPU
		{7706245f-c4ca-3c3a-0aec-5a941fa1e6b6}.Debug|Any CPU.ActiveCfg = Debug|Any CPU
		{7706245f-c4ca-3c3a-0aec-5a941fa1e6b6}.Debug|Any CPU.Build.0 = Debug|Any CPU
		{25b5b00c-de71-ba6c-6f80-9ebf92166224}.Debug|Any CPU.ActiveCfg = Debug|Any CPU
		{25b5b00c-de71-ba6c-6f80-9ebf92166224}.Debug|Any CPU.Build.0 = Debug|Any CPU
		{8f08c81f-14b7-5768-f956-7fe1ba8cd4f8}.Debug|Any CPU.ActiveCfg = Debug|Any CPU
		{8f08c81f-14b7-5768-f956-7fe1ba8cd4f8}.Debug|Any CPU.Build.0 = Debug|Any CPU
		{8ca18058-35c0-bf35-da09-eb88cb6ada03}.Debug|Any CPU.ActiveCfg = Debug|Any CPU
		{8ca18058-35c0-bf35-da09-eb88cb6ada03}.Debug|Any CPU.Build.0 = Debug|Any CPU
		{09bf39b3-a72a-c6f3-bda2-a195c173dd45}.Debug|Any CPU.ActiveCfg = Debug|Any CPU
		{09bf39b3-a72a-c6f3-bda2-a195c173dd45}.Debug|Any CPU.Build.0 = Debug|Any CPU
		{27252232-6a70-2782-8956-3b60696258b9}.Debug|Any CPU.ActiveCfg = Debug|Any CPU
		{27252232-6a70-2782-8956-3b60696258b9}.Debug|Any CPU.Build.0 = Debug|Any CPU
		{e13346a8-fdc1-7d51-992a-3ae514e8f231}.Debug|Any CPU.ActiveCfg = Debug|Any CPU
		{e13346a8-fdc1-7d51-992a-3ae514e8f231}.Debug|Any CPU.Build.0 = Debug|Any CPU
		{73aee676-a305-6a61-e2fb-8bb3228827b7}.Debug|Any CPU.ActiveCfg = Debug|Any CPU
		{73aee676-a305-6a61-e2fb-8bb3228827b7}.Debug|Any CPU.Build.0 = Debug|Any CPU
		{1aff4842-b0d6-c5a0-cc17-6eb6b8c42e3b}.Debug|Any CPU.ActiveCfg = Debug|Any CPU
		{1aff4842-b0d6-c5a0-cc17-6eb6b8c42e3b}.Debug|Any CPU.Build.0 = Debug|Any CPU
		{4c56b9ae-c8d9-f593-2645-b4648a06a6ce}.Debug|Any CPU.ActiveCfg = Debug|Any CPU
		{4c56b9ae-c8d9-f593-2645-b4648a06a6ce}.Debug|Any CPU.Build.0 = Debug|Any CPU
		{73f71932-0890-c0af-56f4-4ffc9400ba58}.Debug|Any CPU.ActiveCfg = Debug|Any CPU
		{73f71932-0890-c0af-56f4-4ffc9400ba58}.Debug|Any CPU.Build.0 = Debug|Any CPU
		{75fa1ace-3e97-f68e-cf88-a0df9eebc703}.Debug|Any CPU.ActiveCfg = Debug|Any CPU
		{75fa1ace-3e97-f68e-cf88-a0df9eebc703}.Debug|Any CPU.Build.0 = Debug|Any CPU
		{37e5b327-caf5-56de-2e21-943aa3db1c41}.Debug|Any CPU.ActiveCfg = Debug|Any CPU
		{37e5b327-caf5-56de-2e21-943aa3db1c41}.Debug|Any CPU.Build.0 = Debug|Any CPU
		{570a344f-7c00-790e-d036-c46ce773f9a8}.Debug|Any CPU.ActiveCfg = Debug|Any CPU
		{570a344f-7c00-790e-d036-c46ce773f9a8}.Debug|Any CPU.Build.0 = Debug|Any CPU
		{411db52f-43a9-bdf0-440f-725de3350b48}.Debug|Any CPU.ActiveCfg = Debug|Any CPU
		{411db52f-43a9-bdf0-440f-725de3350b48}.Debug|Any CPU.Build.0 = Debug|Any CPU
		{e127f500-8eb3-4ff5-1aaf-2b212b8a850e}.Debug|Any CPU.ActiveCfg = Debug|Any CPU
		{e127f500-8eb3-4ff5-1aaf-2b212b8a850e}.Debug|Any CPU.Build.0 = Debug|Any CPU
		{8e2142d0-84a4-f869-9646-58f479433ea8}.Debug|Any CPU.ActiveCfg = Debug|Any CPU
		{8e2142d0-84a4-f869-9646-58f479433ea8}.Debug|Any CPU.Build.0 = Debug|Any CPU
		{a8800e13-ca37-b6c3-1e27-a8cd060ac508}.Debug|Any CPU.ActiveCfg = Debug|Any CPU
		{a8800e13-ca37-b6c3-1e27-a8cd060ac508}.Debug|Any CPU.Build.0 = Debug|Any CPU
		{981cafe7-389e-75be-4d54-f311a71e0d63}.Debug|Any CPU.ActiveCfg = Debug|Any CPU
		{981cafe7-389e-75be-4d54-f311a71e0d63}.Debug|Any CPU.Build.0 = Debug|Any CPU
		{259d52c2-abc6-2de2-ba46-edd2863223e8}.Debug|Any CPU.ActiveCfg = Debug|Any CPU
		{259d52c2-abc6-2de2-ba46-edd2863223e8}.Debug|Any CPU.Build.0 = Debug|Any CPU
		{604680ec-ea00-14e7-6814-c96e2ac2df45}.Debug|Any CPU.ActiveCfg = Debug|Any CPU
		{604680ec-ea00-14e7-6814-c96e2ac2df45}.Debug|Any CPU.Build.0 = Debug|Any CPU
		{8a2093de-62da-2d12-52a0-c6f95dafb20f}.Debug|Any CPU.ActiveCfg = Debug|Any CPU
		{8a2093de-62da-2d12-52a0-c6f95dafb20f}.Debug|Any CPU.Build.0 = Debug|Any CPU
		{65a871d9-f8a3-d2e4-c5aa-c1db2bfc1817}.Debug|Any CPU.ActiveCfg = Debug|Any CPU
		{65a871d9-f8a3-d2e4-c5aa-c1db2bfc1817}.Debug|Any CPU.Build.0 = Debug|Any CPU
		{fce5ec83-f2ff-0c50-825b-6171aa43dd3a}.Debug|Any CPU.ActiveCfg = Debug|Any CPU
		{fce5ec83-f2ff-0c50-825b-6171aa43dd3a}.Debug|Any CPU.Build.0 = Debug|Any CPU
		{bc6f4a77-f0e8-3210-acb1-121b78ecf331}.Debug|Any CPU.ActiveCfg = Debug|Any CPU
		{bc6f4a77-f0e8-3210-acb1-121b78ecf331}.Debug|Any CPU.Build.0 = Debug|Any CPU
		{baeb7cd2-a082-86eb-1966-8a12b193fb42}.Debug|Any CPU.ActiveCfg = Debug|Any CPU
		{baeb7cd2-a082-86eb-1966-8a12b193fb42}.Debug|Any CPU.Build.0 = Debug|Any CPU
		{440f588a-b43f-a71a-6fdf-b4485daffa61}.Debug|Any CPU.ActiveCfg = Debug|Any CPU
		{440f588a-b43f-a71a-6fdf-b4485daffa61}.Debug|Any CPU.Build.0 = Debug|Any CPU
		{019d7b90-a793-fa53-106a-3fd732ab2f6f}.Debug|Any CPU.ActiveCfg = Debug|Any CPU
		{019d7b90-a793-fa53-106a-3fd732ab2f6f}.Debug|Any CPU.Build.0 = Debug|Any CPU
	EndGlobalSection
	GlobalSection(SolutionProperties) = preSolution
		HideSolutionNode = FALSE
	EndGlobalSection
EndGlobal
